{
  "name": "dmsalesengine",
  "version": "1.0.0",
  "lockfileVersion": 3,
  "requires": true,
  "packages": {
    ".": {
      "name": "dmsalesengine",
      "version": "1.0.0",
      "hasInstallScript": true,
      "scripts": {
        "build": "node generator.js"
      },
      "bin": {
        "dmsalesengine": "./generator.js"
      }
    }
  }
}
